
Microsoft Visual Studio Solution File, Format Version 12.00
# Visual Studio Version 17
VisualStudioVersion = 17.14.37314.3 d17.14
MinimumVisualStudioVersion = 10.0.40219.1
Project("{FAE04EC0-301F-11D3-BF4B-00C04F79EFBC}") = "NetworkingTool", "NetworkingTool.csproj", "{90124A86-7AFE-4CDE-8B27-2E7BAE8879C1}"
EndProject
Global
	GlobalSection(SolutionConfigurationPlatforms) = preSolution
		Debug|Any CPU = Debug|Any CPU
		Release|Any CPU = Release|Any CPU
	EndGlobalSection
	GlobalSection(ProjectConfigurationPlatforms) = postSolution
		{90124A86-7AFE-4CDE-8B27-2E7BAE8879C1}.Debug|Any CPU.ActiveCfg = Debug|Any CPU
		{90124A86-7AFE-4CDE-8B27-2E7BAE8879C1}.Debug|Any CPU.Build.0 = Debug|Any CPU
		{90124A86-7AFE-4CDE-8B27-2E7BAE8879C1}.Release|Any CPU.ActiveCfg = Release|Any CPU
		{90124A86-7AFE-4CDE-8B27-2E7BAE8879C1}.Release|Any CPU.Build.0 = Release|Any CPU
	EndGlobalSection
	GlobalSection(SolutionProperties) = preSolution
		HideSolutionNode = FALSE
	EndGlobalSection
	GlobalSection(ExtensibilityGlobals) = postSolution
		SolutionGuid = {CE0EB934-F24A-496B-841F-7E802C28C207}
	EndGlobalSection
EndGlobal
